# THIS IS AN AUTOGENERATED FILE. DO NOT EDIT THIS FILE DIRECTLY.
# yarn lockfile v1


lodash.debounce@^4.0.8:
  version "4.0.8"
  resolved "https://registry.yarnpkg.com/lodash.debounce/-/lodash.debounce-4.0.8.tgz#82d79bff30a67c4005ffd5e2515300ad9ca4d7af"
  integrity sha1-gteb/zCmfEAF/9XiUVMArZyk168=

lodash.merge@^4.6.2:
  version "4.6.2"
  resolved "https://registry.yarnpkg.com/lodash.merge/-/lodash.merge-4.6.2.tgz#558aa53b43b661e1925a0afdfa36a9a1085fe57a"
  integrity sha512-0KpjqXRVvrYyCsX1swR/XTK0va6VQkQM6MNo7PqW77ByjAhoARA8EfrP1N4+KlKj8YS0ZUCtRT/YUuhyYDujIQ==

vue-simple-accordion@^0.1.0:
  version "0.1.0"
  resolved "https://registry.yarnpkg.com/vue-simple-accordion/-/vue-simple-accordion-0.1.0.tgz#95b667f78c742719101f858c4e24ba2eb0eea1bc"
  integrity sha512-y5oovH55smiNkEZ4lWLpE7H9t0TTYofN/zo4/NTap6Va/Ob+WlU7eRA2nzbFIaJUqk4cXHPJbLUblxU1jAL98g==
  dependencies:
    lodash.merge "^4.6.2"
